
Microsoft Visual Studio Solution File, Format Version 12.00
# Visual Studio Version 16
VisualStudioVersion = 16.0.28729.10
MinimumVisualStudioVersion = 10.0.40219.1
Project("{FAE04EC0-301F-11D3-BF4B-00C04F79EFBC}") = "HomeBackup", "HomeBackup\HomeBackup.csproj", "{8069E11E-1000-41B0-B025-4B303D90558B}"
EndProject
Global
	GlobalSection(SolutionConfigurationPlatforms) = preSolution
		Debug|Any CPU = Debug|Any CPU
		Release|Any CPU = Release|Any CPU
	EndGlobalSection
	GlobalSection(ProjectConfigurationPlatforms) = postSolution
		{8069E11E-1000-41B0-B025-4B303D90558B}.Debug|Any CPU.ActiveCfg = Debug|Any CPU
		{8069E11E-1000-41B0-B025-4B303D90558B}.Debug|Any CPU.Build.0 = Debug|Any CPU
		{8069E11E-1000-41B0-B025-4B303D90558B}.Debug|Any CPU.Deploy.0 = Debug|Any CPU
		{8069E11E-1000-41B0-B025-4B303D90558B}.Release|Any CPU.ActiveCfg = Release|Any CPU
		{8069E11E-1000-41B0-B025-4B303D90558B}.Release|Any CPU.Build.0 = Release|Any CPU
		{8069E11E-1000-41B0-B025-4B303D90558B}.Release|Any CPU.Deploy.0 = Release|Any CPU
	EndGlobalSection
	GlobalSection(SolutionProperties) = preSolution
		HideSolutionNode = FALSE
	EndGlobalSection
	GlobalSection(ExtensibilityGlobals) = postSolution
		SolutionGuid = {6C9719C3-F528-43AF-BE50-3E6EB0D9A740}
	EndGlobalSection
EndGlobal
